
Microsoft Visual Studio Solution File, Format Version 12.00
# Visual Studio 2013
VisualStudioVersion = 12.0.40629.0
MinimumVisualStudioVersion = 10.0.40219.1
Project("{FAE04EC0-301F-11D3-BF4B-00C04F79EFBC}") = "ProjectManagement", "ProjectManagement\ProjectManagement.csproj", "{473396F6-FCDC-492B-99C7-6B854C768ADC}"
EndProject
Project("{FAE04EC0-301F-11D3-BF4B-00C04F79EFBC}") = "ProjectData", "ProjectData\ProjectData.csproj", "{A4115B80-9D46-47D5-B3C4-B956A1F45BCE}"
EndProject
Global
	GlobalSection(SolutionConfigurationPlatforms) = preSolution
		Debug|Any CPU = Debug|Any CPU
		Release|Any CPU = Release|Any CPU
	EndGlobalSection
	GlobalSection(ProjectConfigurationPlatforms) = postSolution
		{473396F6-FCDC-492B-99C7-6B854C768ADC}.Debug|Any CPU.ActiveCfg = Debug|Any CPU
		{473396F6-FCDC-492B-99C7-6B854C768ADC}.Debug|Any CPU.Build.0 = Debug|Any CPU
		{473396F6-FCDC-492B-99C7-6B854C768ADC}.Release|Any CPU.ActiveCfg = Release|Any CPU
		{473396F6-FCDC-492B-99C7-6B854C768ADC}.Release|Any CPU.Build.0 = Release|Any CPU
		{A4115B80-9D46-47D5-B3C4-B956A1F45BCE}.Debug|Any CPU.ActiveCfg = Debug|Any CPU
		{A4115B80-9D46-47D5-B3C4-B956A1F45BCE}.Debug|Any CPU.Build.0 = Debug|Any CPU
		{A4115B80-9D46-47D5-B3C4-B956A1F45BCE}.Release|Any CPU.ActiveCfg = Release|Any CPU
		{A4115B80-9D46-47D5-B3C4-B956A1F45BCE}.Release|Any CPU.Build.0 = Release|Any CPU
	EndGlobalSection
	GlobalSection(SolutionProperties) = preSolution
		HideSolutionNode = FALSE
	EndGlobalSection
EndGlobal
